// !$*UTF8*$!
{
	archiveVersion = 1;
	classes = {
	};
	objectVersion = 56;
	objects = {

/* Begin PBXBuildFile section */
		625B4C472AE9DC4A00399471 /* WatchSampleApp.swift in Sources */ = {isa = PBXBuildFile; fileRef = 625B4C462AE9DC4A00399471 /* WatchSampleApp.swift */; };
		625B4C492AE9DC4A00399471 /* ContentView.swift in Sources */ = {isa = PBXBuildFile; fileRef = 625B4C482AE9DC4A00399471 /* ContentView.swift */; };
		625B4C4B2AE9DC4B00399471 /* Assets.xcassets in Resources */ = {isa = PBXBuildFile; fileRef = 625B4C4A2AE9DC4B00399471 /* Assets.xcassets */; };
		625B4C4E2AE9DC4B00399471 /* Preview Assets.xcassets in Resources */ = {isa = PBXBuildFile; fileRef = 625B4C4D2AE9DC4B00399471 /* Preview Assets.xcassets */; };
		625B4C542AE9DC4B00399471 /* WatchSample Watch App.app in Embed Watch Content */ = {isa = PBXBuildFile; fileRef = 625B4C532AE9DC4B00399471 /* WatchSample Watch App.app */; settings = {ATTRIBUTES = (RemoveHeadersOnCopy, ); }; };
		625B4C592AE9DC4B00399471 /* WatchSampleApp.swift in Sources */ = {isa = PBXBuildFile; fileRef = 625B4C582AE9DC4B00399471 /* WatchSampleApp.swift */; };
		625B4C5B2AE9DC4B00399471 /* ContentView.swift in Sources */ = {isa = PBXBuildFile; fileRef = 625B4C5A2AE9DC4B00399471 /* ContentView.swift */; };
		625B4C5D2AE9DC4C00399471 /* Assets.xcassets in Resources */ = {isa = PBXBuildFile; fileRef = 625B4C5C2AE9DC4C00399471 /* Assets.xcassets */; };
		625B4C602AE9DC4C00399471 /* Preview Assets.xcassets in Resources */ = {isa = PBXBuildFile; fileRef = 625B4C5F2AE9DC4C00399471 /* Preview Assets.xcassets */; };
/* End PBXBuildFile section */

/* Begin PBXContainerItemProxy section */
		625B4C552AE9DC4B00399471 /* PBXContainerItemProxy */ = {
			isa = PBXContainerItemProxy;
			containerPortal = 625B4C3B2AE9DC4A00399471 /* Project object */;
			proxyType = 1;
			remoteGlobalIDString = 625B4C522AE9DC4B00399471;
			remoteInfo = "WatchSample Watch App";
		};
/* End PBXContainerItemProxy section */

/* Begin PBXCopyFilesBuildPhase section */
		625B4C662AE9DC4C00399471 /* Embed Watch Content */ = {
			isa = PBXCopyFilesBuildPhase;
			buildActionMask = 2147483647;
			dstPath = "$(CONTENTS_FOLDER_PATH)/Watch";
			dstSubfolderSpec = 16;
			files = (
				625B4C542AE9DC4B00399471 /* WatchSample Watch App.app in Embed Watch Content */,
			);
			name = "Embed Watch Content";
			runOnlyForDeploymentPostprocessing = 0;
		};
/* End PBXCopyFilesBuildPhase section */

/* Begin PBXFileReference section */
		625B4C432AE9DC4A00399471 /* WatchSample.app */ = {isa = PBXFileReference; explicitFileType = wrapper.application; includeInIndex = 0; path = WatchSample.app; sourceTree = BUILT_PRODUCTS_DIR; };
		625B4C462AE9DC4A00399471 /* WatchSampleApp.swift */ = {isa = PBXFileReference; lastKnownFileType = sourcecode.swift; path = WatchSampleApp.swift; sourceTree = "<group>"; };
		625B4C482AE9DC4A00399471 /* ContentView.swift */ = {isa = PBXFileReference; lastKnownFileType = sourcecode.swift; path = ContentView.swift; sourceTree = "<group>"; };
		625B4C4A2AE9DC4B00399471 /* Assets.xcassets */ = {isa = PBXFileReference; lastKnownFileType = folder.assetcatalog; path = Assets.xcassets; sourceTree = "<group>"; };
		625B4C4D2AE9DC4B00399471 /* Preview Assets.xcassets */ = {isa = PBXFileReference; lastKnownFileType = folder.assetcatalog; path = "Preview Assets.xcassets"; sourceTree = "<group>"; };
		625B4C532AE9DC4B00399471 /* WatchSample Watch App.app */ = {isa = PBXFileReference; explicitFileType = wrapper.application; includeInIndex = 0; path = "WatchSample Watch App.app"; sourceTree = BUILT_PRODUCTS_DIR; };
		625B4C582AE9DC4B00399471 /* WatchSampleApp.swift */ = {isa = PBXFileReference; lastKnownFileType = sourcecode.swift; path = WatchSampleApp.swift; sourceTree = "<group>"; };
		625B4C5A2AE9DC4B00399471 /* ContentView.swift */ = {isa = PBXFileReference; lastKnownFileType = sourcecode.swift; path = ContentView.swift; sourceTree = "<group>"; };
		625B4C5C2AE9DC4C00399471 /* Assets.xcassets */ = {isa = PBXFileReference; lastKnownFileType = folder.assetcatalog; path = Assets.xcassets; sourceTree = "<group>"; };
		625B4C5F2AE9DC4C00399471 /* Preview Assets.xcassets */ = {isa = PBXFileReference; lastKnownFileType = folder.assetcatalog; path = "Preview Assets.xcassets"; sourceTree = "<group>"; };
/* End PBXFileReference section */

/* Begin PBXFrameworksBuildPhase section */
		625B4C402AE9DC4A00399471 /* Frameworks */ = {
			isa = PBXFrameworksBuildPhase;
			buildActionMask = 2147483647;
			files = (
			);
			runOnlyForDeploymentPostprocessing = 0;
		};
		625B4C502AE9DC4B00399471 /* Frameworks */ = {
			isa = PBXFrameworksBuildPhase;
			buildActionMask = 2147483647;
			files = (
			);
			runOnlyForDeploymentPostprocessing = 0;
		};
/* End PBXFrameworksBuildPhase section */

/* Begin PBXGroup section */
		625B4C3A2AE9DC4A00399471 = {
			isa = PBXGroup;
			children = (
				625B4C452AE9DC4A00399471 /* WatchSample */,
				625B4C572AE9DC4B00399471 /* WatchSample Watch App */,
				625B4C442AE9DC4A00399471 /* Products */,
			);
			sourceTree = "<group>";
		};
		625B4C442AE9DC4A00399471 /* Products */ = {
			isa = PBXGroup;
			children = (
				625B4C432AE9DC4A00399471 /* WatchSample.app */,
				625B4C532AE9DC4B00399471 /* WatchSample Watch App.app */,
			);
			name = Products;
			sourceTree = "<group>";
		};
		625B4C452AE9DC4A00399471 /* WatchSample */ = {
			isa = PBXGroup;
			children = (
				625B4C462AE9DC4A00399471 /* WatchSampleApp.swift */,
				625B4C482AE9DC4A00399471 /* ContentView.swift */,
				625B4C4A2AE9DC4B00399471 /* Assets.xcassets */,
				625B4C4C2AE9DC4B00399471 /* Preview Content */,
			);
			path = WatchSample;
			sourceTree = "<group>";
		};
		625B4C4C2AE9DC4B00399471 /* Preview Content */ = {
			isa = PBXGroup;
			children = (
				625B4C4D2AE9DC4B00399471 /* Preview Assets.xcassets */,
			);
			path = "Preview Content";
			sourceTree = "<group>";
		};
		625B4C572AE9DC4B00399471 /* WatchSample Watch App */ = {
			isa = PBXGroup;
			children = (
				625B4C582AE9DC4B00399471 /* WatchSampleApp.swift */,
				625B4C5A2AE9DC4B00399471 /* ContentView.swift */,
				625B4C5C2AE9DC4C00399471 /* Assets.xcassets */,
				625B4C5E2AE9DC4C00399471 /* Preview Content */,
			);
			path = "WatchSample Watch App";
			sourceTree = "<group>";
		};
		625B4C5E2AE9DC4C00399471 /* Preview Content */ = {
			isa = PBXGroup;
			children = (
				625B4C5F2AE9DC4C00399471 /* Preview Assets.xcassets */,
			);
			path = "Preview Content";
			sourceTree = "<group>";
		};
/* End PBXGroup section */

/* Begin PBXNativeTarget section */
		625B4C422AE9DC4A00399471 /* WatchSample */ = {
			isa = PBXNativeTarget;
			buildConfigurationList = 625B4C672AE9DC4C00399471 /* Build configuration list for PBXNativeTarget "WatchSample" */;
			buildPhases = (
				625B4C3F2AE9DC4A00399471 /* Sources */,
				625B4C402AE9DC4A00399471 /* Frameworks */,
				625B4C412AE9DC4A00399471 /* Resources */,
				625B4C662AE9DC4C00399471 /* Embed Watch Content */,
			);
			buildRules = (
			);
			dependencies = (
				625B4C562AE9DC4B00399471 /* PBXTargetDependency */,
			);
			name = WatchSample;
			productName = WatchSample;
			productReference = 625B4C432AE9DC4A00399471 /* WatchSample.app */;
			productType = "com.apple.product-type.application";
		};
		625B4C522AE9DC4B00399471 /* WatchSample Watch App */ = {
			isa = PBXNativeTarget;
			buildConfigurationList = 625B4C632AE9DC4C00399471 /* Build configuration list for PBXNativeTarget "WatchSample Watch App" */;
			buildPhases = (
				625B4C4F2AE9DC4B00399471 /* Sources */,
				625B4C502AE9DC4B00399471 /* Frameworks */,
				625B4C512AE9DC4B00399471 /* Resources */,
			);
			buildRules = (
			);
			dependencies = (
			);
			name = "WatchSample Watch App";
			productName = "WatchSample Watch App";
			productReference = 625B4C532AE9DC4B00399471 /* WatchSample Watch App.app */;
			productType = "com.apple.product-type.application";
		};
/* End PBXNativeTarget section */

/* Begin PBXProject section */
		625B4C3B2AE9DC4A00399471 /* Project object */ = {
			isa = PBXProject;
			attributes = {
				BuildIndependentTargetsInParallel = 1;
				LastSwiftUpdateCheck = 1500;
				LastUpgradeCheck = 1500;
				TargetAttributes = {
					625B4C422AE9DC4A00399471 = {
						CreatedOnToolsVersion = 15.0;
					};
					625B4C522AE9DC4B00399471 = {
						CreatedOnToolsVersion = 15.0;
					};
				};
			};
			buildConfigurationList = 625B4C3E2AE9DC4A00399471 /* Build configuration list for PBXProject "WatchSample" */;
			compatibilityVersion = "Xcode 14.0";
			developmentRegion = en;
			hasScannedForEncodings = 0;
			knownRegions = (
				en,
				Base,
			);
			mainGroup = 625B4C3A2AE9DC4A00399471;
			productRefGroup = 625B4C442AE9DC4A00399471 /* Products */;
			projectDirPath = "";
			projectRoot = "";
			targets = (
				625B4C422AE9DC4A00399471 /* WatchSample */,
				625B4C522AE9DC4B00399471 /* WatchSample Watch App */,
			);
		};
/* End PBXProject section */

/* Begin PBXResourcesBuildPhase section */
		625B4C412AE9DC4A00399471 /* Resources */ = {
			isa = PBXResourcesBuildPhase;
			buildActionMask = 2147483647;
			files = (
				625B4C4E2AE9DC4B00399471 /* Preview Assets.xcassets in Resources */,
				625B4C4B2AE9DC4B00399471 /* Assets.xcassets in Resources */,
			);
			runOnlyForDeploymentPostprocessing = 0;
		};
		625B4C512AE9DC4B00399471 /* Resources */ = {
			isa = PBXResourcesBuildPhase;
			buildActionMask = 2147483647;
			files = (
				625B4C602AE9DC4C00399471 /* Preview Assets.xcassets in Resources */,
				625B4C5D2AE9DC4C00399471 /* Assets.xcassets in Resources */,
			);
			runOnlyForDeploymentPostprocessing = 0;
		};
/* End PBXResourcesBuildPhase section */

/* Begin PBXSourcesBuildPhase section */
		625B4C3F2AE9DC4A00399471 /* Sources */ = {
			isa = PBXSourcesBuildPhase;
			buildActionMask = 2147483647;
			files = (
				625B4C492AE9DC4A00399471 /* ContentView.swift in Sources */,
				625B4C472AE9DC4A00399471 /* WatchSampleApp.swift in Sources */,
			);
			runOnlyForDeploymentPostprocessing = 0;
		};
		625B4C4F2AE9DC4B00399471 /* Sources */ = {
			isa = PBXSourcesBuildPhase;
			buildActionMask = 2147483647;
			files = (
				625B4C5B2AE9DC4B00399471 /* ContentView.swift in Sources */,
				625B4C592AE9DC4B00399471 /* WatchSampleApp.swift in Sources */,
			);
			runOnlyForDeploymentPostprocessing = 0;
		};
/* End PBXSourcesBuildPhase section */

/* Begin PBXTargetDependency section */
		625B4C562AE9DC4B00399471 /* PBXTargetDependency */ = {
			isa = PBXTargetDependency;
			target = 625B4C522AE9DC4B00399471 /* WatchSample Watch App */;
			targetProxy = 625B4C552AE9DC4B00399471 /* PBXContainerItemProxy */;
		};
/* End PBXTargetDependency section */

/* Begin XCBuildConfiguration section */
		625B4C612AE9DC4C00399471 /* Debug */ = {
			isa = XCBuildConfiguration;
			buildSettings = {
				ALWAYS_SEARCH_USER_PATHS = NO;
				ASSETCATALOG_COMPILER_GENERATE_SWIFT_ASSET_SYMBOL_EXTENSIONS = YES;
				CLANG_ANALYZER_NONNULL = YES;
				CLANG_ANALYZER_NUMBER_OBJECT_CONVERSION = YES_AGGRESSIVE;
				CLANG_CXX_LANGUAGE_STANDARD = "gnu++20";
				CLANG_ENABLE_MODULES = YES;
				CLANG_ENABLE_OBJC_ARC = YES;
				CLANG_ENABLE_OBJC_WEAK = YES;
				CLANG_WARN_BLOCK_CAPTURE_AUTORELEASING = YES;
				CLANG_WARN_BOOL_CONVERSION = YES;
				CLANG_WARN_COMMA = YES;
				CLANG_WARN_CONSTANT_CONVERSION = YES;
				CLANG_WARN_DEPRECATED_OBJC_IMPLEMENTATIONS = YES;
				CLANG_WARN_DIRECT_OBJC_ISA_USAGE = YES_ERROR;
				CLANG_WARN_DOCUMENTATION_COMMENTS = YES;
				CLANG_WARN_EMPTY_BODY = YES;
				CLANG_WARN_ENUM_CONVERSION = YES;
				CLANG_WARN_INFINITE_RECURSION = YES;
				CLANG_WARN_INT_CONVERSION = YES;
				CLANG_WARN_NON_LITERAL_NULL_CONVERSION = YES;
				CLANG_WARN_OBJC_IMPLICIT_RETAIN_SELF = YES;
				CLANG_WARN_OBJC_LITERAL_CONVERSION = YES;
				CLANG_WARN_OBJC_ROOT_CLASS = YES_ERROR;
				CLANG_WARN_QUOTED_INCLUDE_IN_FRAMEWORK_HEADER = YES;
				CLANG_WARN_RANGE_LOOP_ANALYSIS = YES;
				CLANG_WARN_STRICT_PROTOTYPES = YES;
				CLANG_WARN_SUSPICIOUS_MOVE = YES;
				CLANG_WARN_UNGUARDED_AVAILABILITY = YES_AGGRESSIVE;
				CLANG_WARN_UNREACHABLE_CODE = YES;
				CLANG_WARN__DUPLICATE_METHOD_MATCH = YES;
				COPY_PHASE_STRIP = NO;
				DEBUG_INFORMATION_FORMAT = dwarf;
				ENABLE_STRICT_OBJC_MSGSEND = YES;
				ENABLE_TESTABILITY = YES;
				ENABLE_USER_SCRIPT_SANDBOXING = YES;
				GCC_C_LANGUAGE_STANDARD = gnu17;
				GCC_DYNAMIC_NO_PIC = NO;
				GCC_NO_COMMON_BLOCKS = YES;
				GCC_OPTIMIZATION_LEVEL = 0;
				GCC_PREPROCESSOR_DEFINITIONS = (
					"DEBUG=1",
					"$(inherited)",
				);
				GCC_WARN_64_TO_32_BIT_CONVERSION = YES;
				GCC_WARN_ABOUT_RETURN_TYPE = YES_ERROR;
				GCC_WARN_UNDECLARED_SELECTOR = YES;
				GCC_WARN_UNINITIALIZED_AUTOS = YES_AGGRESSIVE;
				GCC_WARN_UNUSED_FUNCTION = YES;
				GCC_WARN_UNUSED_VARIABLE = YES;
				LOCALIZATION_PREFERS_STRING_CATALOGS = YES;
				MTL_ENABLE_DEBUG_INFO = INCLUDE_SOURCE;
				MTL_FAST_MATH = YES;
				ONLY_ACTIVE_ARCH = YES;
				SWIFT_ACTIVE_COMPILATION_CONDITIONS = "DEBUG $(inherited)";
				SWIFT_OPTIMIZATION_LEVEL = "-Onone";
			};
			name = Debug;
		};
		625B4C622AE9DC4C00399471 /* Release */ = {
			isa = XCBuildConfiguration;
			buildSettings = {
				ALWAYS_SEARCH_USER_PATHS = NO;
				ASSETCATALOG_COMPILER_GENERATE_SWIFT_ASSET_SYMBOL_EXTENSIONS = YES;
				CLANG_ANALYZER_NONNULL = YES;
				CLANG_ANALYZER_NUMBER_OBJECT_CONVERSION = YES_AGGRESSIVE;
				CLANG_CXX_LANGUAGE_STANDARD = "gnu++20";
				CLANG_ENABLE_MODULES = YES;
				CLANG_ENABLE_OBJC_ARC = YES;
				CLANG_ENABLE_OBJC_WEAK = YES;
				CLANG_WARN_BLOCK_CAPTURE_AUTORELEASING = YES;
				CLANG_WARN_BOOL_CONVERSION = YES;
				CLANG_WARN_COMMA = YES;
				CLANG_WARN_CONSTANT_CONVERSION = YES;
				CLANG_WARN_DEPRECATED_OBJC_IMPLEMENTATIONS = YES;
				CLANG_WARN_DIRECT_OBJC_ISA_USAGE = YES_ERROR;
				CLANG_WARN_DOCUMENTATION_COMMENTS = YES;
				CLANG_WARN_EMPTY_BODY = YES;
				CLANG_WARN_ENUM_CONVERSION = YES;
				CLANG_WARN_INFINITE_RECURSION = YES;
				CLANG_WARN_INT_CONVERSION = YES;
				CLANG_WARN_NON_LITERAL_NULL_CONVERSION = YES;
				CLANG_WARN_OBJC_IMPLICIT_RETAIN_SELF = YES;
				CLANG_WARN_OBJC_LITERAL_CONVERSION = YES;
				CLANG_WARN_OBJC_ROOT_CLASS = YES_ERROR;
				CLANG_WARN_QUOTED_INCLUDE_IN_FRAMEWORK_HEADER = YES;
				CLANG_WARN_RANGE_LOOP_ANALYSIS = YES;
				CLANG_WARN_STRICT_PROTOTYPES = YES;
				CLANG_WARN_SUSPICIOUS_MOVE = YES;
				CLANG_WARN_UNGUARDED_AVAILABILITY = YES_AGGRESSIVE;
				CLANG_WARN_UNREACHABLE_CODE = YES;
				CLANG_WARN__DUPLICATE_METHOD_MATCH = YES;
				COPY_PHASE_STRIP = NO;
				DEBUG_INFORMATION_FORMAT = "dwarf-with-dsym";
				ENABLE_NS_ASSERTIONS = NO;
				ENABLE_STRICT_OBJC_MSGSEND = YES;
				ENABLE_USER_SCRIPT_SANDBOXING = YES;
				GCC_C_LANGUAGE_STANDARD = gnu17;
				GCC_NO_COMMON_BLOCKS = YES;
				GCC_WARN_64_TO_32_BIT_CONVERSION = YES;
				GCC_WARN_ABOUT_RETURN_TYPE = YES_ERROR;
				GCC_WARN_UNDECLARED_SELECTOR = YES;
				GCC_WARN_UNINITIALIZED_AUTOS = YES_AGGRESSIVE;
				GCC_WARN_UNUSED_FUNCTION = YES;
				GCC_WARN_UNUSED_VARIABLE = YES;
				LOCALIZATION_PREFERS_STRING_CATALOGS = YES;
				MTL_ENABLE_DEBUG_INFO = NO;
				MTL_FAST_MATH = YES;
				SWIFT_COMPILATION_MODE = wholemodule;
			};
			name = Release;
		};
		625B4C642AE9DC4C00399471 /* Debug */ = {
			isa = XCBuildConfiguration;
			buildSettings = {
				ASSETCATALOG_COMPILER_APPICON_NAME = AppIcon;
				ASSETCATALOG_COMPILER_GLOBAL_ACCENT_COLOR_NAME = AccentColor;
				CODE_SIGN_STYLE = Automatic;
				CURRENT_PROJECT_VERSION = 1;
				DEVELOPMENT_ASSET_PATHS = "\"WatchSample Watch App/Preview Content\"";
				ENABLE_PREVIEWS = YES;
				GENERATE_INFOPLIST_FILE = YES;
				INFOPLIST_KEY_CFBundleDisplayName = WatchSample;
				INFOPLIST_KEY_UISupportedInterfaceOrientations = "UIInterfaceOrientationPortrait UIInterfaceOrientationPortraitUpsideDown";
				INFOPLIST_KEY_WKCompanionAppBundleIdentifier = io.gyeolee.WatchSample;
				LD_RUNPATH_SEARCH_PATHS = (
					"$(inherited)",
					"@executable_path/Frameworks",
				);
				MARKETING_VERSION = 1.0;
				PRODUCT_BUNDLE_IDENTIFIER = io.gyeolee.WatchSample.watchkitapp;
				PRODUCT_NAME = "$(TARGET_NAME)";
				SDKROOT = watchos;
				SKIP_INSTALL = YES;
				SWIFT_EMIT_LOC_STRINGS = YES;
				SWIFT_VERSION = 5.0;
				TARGETED_DEVICE_FAMILY = 4;
				WATCHOS_DEPLOYMENT_TARGET = 10.0;
			};
			name = Debug;
		};
		625B4C652AE9DC4C00399471 /* Release */ = {
			isa = XCBuildConfiguration;
			buildSettings = {
				ASSETCATALOG_COMPILER_APPICON_NAME = AppIcon;
				ASSETCATALOG_COMPILER_GLOBAL_ACCENT_COLOR_NAME = AccentColor;
				CODE_SIGN_STYLE = Automatic;
				CURRENT_PROJECT_VERSION = 1;
				DEVELOPMENT_ASSET_PATHS = "\"WatchSample Watch App/Preview Content\"";
				ENABLE_PREVIEWS = YES;
				GENERATE_INFOPLIST_FILE = YES;
				INFOPLIST_KEY_CFBundleDisplayName = WatchSample;
				INFOPLIST_KEY_UISupportedInterfaceOrientations = "UIInterfaceOrientationPortrait UIInterfaceOrientationPortraitUpsideDown";
				INFOPLIST_KEY_WKCompanionAppBundleIdentifier = io.gyeolee.WatchSample;
				LD_RUNPATH_SEARCH_PATHS = (
					"$(inherited)",
					"@executable_path/Frameworks",
				);
				MARKETING_VERSION = 1.0;
				PRODUCT_BUNDLE_IDENTIFIER = io.gyeolee.WatchSample.watchkitapp;
				PRODUCT_NAME = "$(TARGET_NAME)";
				SDKROOT = watchos;
				SKIP_INSTALL = YES;
				SWIFT_EMIT_LOC_STRINGS = YES;
				SWIFT_VERSION = 5.0;
				TARGETED_DEVICE_FAMILY = 4;
				VALIDATE_PRODUCT = YES;
				WATCHOS_DEPLOYMENT_TARGET = 10.0;
			};
			name = Release;
		};
		625B4C682AE9DC4C00399471 /* Debug */ = {
			isa = XCBuildConfiguration;
			buildSettings = {
				ALWAYS_EMBED_SWIFT_STANDARD_LIBRARIES = YES;
				ASSETCATALOG_COMPILER_APPICON_NAME = AppIcon;
				ASSETCATALOG_COMPILER_GLOBAL_ACCENT_COLOR_NAME = AccentColor;
				CODE_SIGN_STYLE = Automatic;
				CURRENT_PROJECT_VERSION = 1;
				DEVELOPMENT_ASSET_PATHS = "\"WatchSample/Preview Content\"";
				ENABLE_PREVIEWS = YES;
				GENERATE_INFOPLIST_FILE = YES;
				INFOPLIST_KEY_CFBundleDisplayName = WatchSample;
				INFOPLIST_KEY_UIApplicationSceneManifest_Generation = YES;
				INFOPLIST_KEY_UIApplicationSupportsIndirectInputEvents = YES;
				INFOPLIST_KEY_UILaunchScreen_Generation = YES;
				INFOPLIST_KEY_UISupportedInterfaceOrientations_iPad = "UIInterfaceOrientationPortrait UIInterfaceOrientationPortraitUpsideDown UIInterfaceOrientationLandscapeLeft UIInterfaceOrientationLandscapeRight";
				INFOPLIST_KEY_UISupportedInterfaceOrientations_iPhone = "UIInterfaceOrientationPortrait UIInterfaceOrientationLandscapeLeft UIInterfaceOrientationLandscapeRight";
				IPHONEOS_DEPLOYMENT_TARGET = 17.0;
				LD_RUNPATH_SEARCH_PATHS = (
					"$(inherited)",
					"@executable_path/Frameworks",
				);
				MARKETING_VERSION = 1.0;
				PRODUCT_BUNDLE_IDENTIFIER = io.gyeolee.WatchSample;
				PRODUCT_NAME = "$(TARGET_NAME)";
				SDKROOT = iphoneos;
				SWIFT_EMIT_LOC_STRINGS = YES;
				SWIFT_VERSION = 5.0;
				TARGETED_DEVICE_FAMILY = "1,2";
			};
			name = Debug;
		};
		625B4C692AE9DC4C00399471 /* Release */ = {
			isa = XCBuildConfiguration;
			buildSettings = {
				ALWAYS_EMBED_SWIFT_STANDARD_LIBRARIES = YES;
				ASSETCATALOG_COMPILER_APPICON_NAME = AppIcon;
				ASSETCATALOG_COMPILER_GLOBAL_ACCENT_COLOR_NAME = AccentColor;
				CODE_SIGN_STYLE = Automatic;
				CURRENT_PROJECT_VERSION = 1;
				DEVELOPMENT_ASSET_PATHS = "\"WatchSample/Preview Content\"";
				ENABLE_PREVIEWS = YES;
				GENERATE_INFOPLIST_FILE = YES;
				INFOPLIST_KEY_CFBundleDisplayName = WatchSample;
				INFOPLIST_KEY_UIApplicationSceneManifest_Generation = YES;
				INFOPLIST_KEY_UIApplicationSupportsIndirectInputEvents = YES;
				INFOPLIST_KEY_UILaunchScreen_Generation = YES;
				INFOPLIST_KEY_UISupportedInterfaceOrientations_iPad = "UIInterfaceOrientationPortrait UIInterfaceOrientationPortraitUpsideDown UIInterfaceOrientationLandscapeLeft UIInterfaceOrientationLandscapeRight";
				INFOPLIST_KEY_UISupportedInterfaceOrientations_iPhone = "UIInterfaceOrientationPortrait UIInterfaceOrientationLandscapeLeft UIInterfaceOrientationLandscapeRight";
				IPHONEOS_DEPLOYMENT_TARGET = 17.0;
				LD_RUNPATH_SEARCH_PATHS = (
					"$(inherited)",
					"@executable_path/Frameworks",
				);
				MARKETING_VERSION = 1.0;
				PRODUCT_BUNDLE_IDENTIFIER = io.gyeolee.WatchSample;
				PRODUCT_NAME = "$(TARGET_NAME)";
				SDKROOT = iphoneos;
				SWIFT_EMIT_LOC_STRINGS = YES;
				SWIFT_VERSION = 5.0;
				TARGETED_DEVICE_FAMILY = "1,2";
				VALIDATE_PRODUCT = YES;
			};
			name = Release;
		};
/* End XCBuildConfiguration section */

/* Begin XCConfigurationList section */
		625B4C3E2AE9DC4A00399471 /* Build configuration list for PBXProject "WatchSample" */ = {
			isa = XCConfigurationList;
			buildConfigurations = (
				625B4C612AE9DC4C00399471 /* Debug */,
				625B4C622AE9DC4C00399471 /* Release */,
			);
			defaultConfigurationIsVisible = 0;
			defaultConfigurationName = Release;
		};
		625B4C632AE9DC4C00399471 /* Build configuration list for PBXNativeTarget "WatchSample Watch App" */ = {
			isa = XCConfigurationList;
			buildConfigurations = (
				625B4C642AE9DC4C00399471 /* Debug */,
				625B4C652AE9DC4C00399471 /* Release */,
			);
			defaultConfigurationIsVisible = 0;
			defaultConfigurationName = Release;
		};
		625B4C672AE9DC4C00399471 /* Build configuration list for PBXNativeTarget "WatchSample" */ = {
			isa = XCConfigurationList;
			buildConfigurations = (
				625B4C682AE9DC4C00399471 /* Debug */,
				625B4C692AE9DC4C00399471 /* Release */,
			);
			defaultConfigurationIsVisible = 0;
			defaultConfigurationName = Release;
		};
/* End XCConfigurationList section */
	};
	rootObject = 625B4C3B2AE9DC4A00399471 /* Project object */;
}
